
Microsoft Visual Studio Solution File, Format Version 12.00
Project("{FAE04EC0-301F-11D3-BF4B-00C04F79EFBC}") = "EventTicketManagement", "EventTicketManagement\EventTicketManagement.csproj", "{78C1EC73-ED84-442B-8CCA-9C0B5D283DA2}"
EndProject
Global
	GlobalSection(SolutionConfigurationPlatforms) = preSolution
		Debug|Any CPU = Debug|Any CPU
		Release|Any CPU = Release|Any CPU
	EndGlobalSection
	GlobalSection(ProjectConfigurationPlatforms) = postSolution
		{78C1EC73-ED84-442B-8CCA-9C0B5D283DA2}.Debug|Any CPU.ActiveCfg = Debug|Any CPU
		{78C1EC73-ED84-442B-8CCA-9C0B5D283DA2}.Debug|Any CPU.Build.0 = Debug|Any CPU
		{78C1EC73-ED84-442B-8CCA-9C0B5D283DA2}.Release|Any CPU.ActiveCfg = Release|Any CPU
		{78C1EC73-ED84-442B-8CCA-9C0B5D283DA2}.Release|Any CPU.Build.0 = Release|Any CPU
	EndGlobalSection
EndGlobal
